
Microsoft Visual Studio Solution File, Format Version 12.00
# Visual Studio Version 17
VisualStudioVersion = 17.0.32112.339
MinimumVisualStudioVersion = 10.0.40219.1
Project("{FAE04EC0-301F-11D3-BF4B-00C04F79EFBC}") = "FoxMus", "FoxMus\FoxMus.csproj", "{7856B226-CEEE-41F3-85EF-0C7DF5C4AA48}"
EndProject
Global
	GlobalSection(SolutionConfigurationPlatforms) = preSolution
		Debug|Any CPU = Debug|Any CPU
		Release|Any CPU = Release|Any CPU
	EndGlobalSection
	GlobalSection(ProjectConfigurationPlatforms) = postSolution
		{7856B226-CEEE-41F3-85EF-0C7DF5C4AA48}.Debug|Any CPU.ActiveCfg = Debug|Any CPU
		{7856B226-CEEE-41F3-85EF-0C7DF5C4AA48}.Debug|Any CPU.Build.0 = Debug|Any CPU
		{7856B226-CEEE-41F3-85EF-0C7DF5C4AA48}.Release|Any CPU.ActiveCfg = Release|Any CPU
		{7856B226-CEEE-41F3-85EF-0C7DF5C4AA48}.Release|Any CPU.Build.0 = Release|Any CPU
	EndGlobalSection
	GlobalSection(SolutionProperties) = preSolution
		HideSolutionNode = FALSE
	EndGlobalSection
	GlobalSection(ExtensibilityGlobals) = postSolution
		SolutionGuid = {741EA44A-6E98-4DD4-A899-D078A1217155}
	EndGlobalSection
EndGlobal
